
Microsoft Visual Studio Solution File, Format Version 12.00
# Visual Studio Version 16
VisualStudioVersion = 16.0.30717.126
MinimumVisualStudioVersion = 10.0.40219.1
Project("{FAE04EC0-301F-11D3-BF4B-00C04F79EFBC}") = "Revit.Async", "Revit.Async\Revit.Async.csproj", "{03719E34-2891-4483-92EB-26E1A66B1287}"
EndProject
Project("{D954291E-2A0B-460D-934E-DC6B0785DB48}") = "Revit.Async.Shared", "Revit.Async.Shared\Revit.Async.Shared.shproj", "{26214B67-5134-4C0A-86A6-51128E71AFE2}"
EndProject
Project("{FAE04EC0-301F-11D3-BF4B-00C04F79EFBC}") = "RevitAsync.tests", "RevitAsync.tests\RevitAsync.tests.csproj", "{53AE8FFE-B080-4469-8B09-ADA782927044}"
EndProject
Global
	GlobalSection(SharedMSBuildProjectFiles) = preSolution
		Revit.Async.Shared\Revit.Async.Shared.projitems*{03719e34-2891-4483-92eb-26e1a66b1287}*SharedItemsImports = 4
		Revit.Async.Shared\Revit.Async.Shared.projitems*{26214b67-5134-4c0a-86a6-51128e71afe2}*SharedItemsImports = 13
	EndGlobalSection
	GlobalSection(SolutionConfigurationPlatforms) = preSolution
		Debug|Any CPU = Debug|Any CPU
		Debug|x64 = Debug|x64
		Release|Any CPU = Release|Any CPU
		Release|x64 = Release|x64
	EndGlobalSection
	GlobalSection(ProjectConfigurationPlatforms) = postSolution
		{03719E34-2891-4483-92EB-26E1A66B1287}.Debug|Any CPU.ActiveCfg = Debug|Any CPU
		{03719E34-2891-4483-92EB-26E1A66B1287}.Debug|Any CPU.Build.0 = Debug|Any CPU
		{03719E34-2891-4483-92EB-26E1A66B1287}.Debug|x64.ActiveCfg = Debug|x64
		{03719E34-2891-4483-92EB-26E1A66B1287}.Debug|x64.Build.0 = Debug|x64
		{03719E34-2891-4483-92EB-26E1A66B1287}.Release|Any CPU.ActiveCfg = Release|Any CPU
		{03719E34-2891-4483-92EB-26E1A66B1287}.Release|Any CPU.Build.0 = Release|Any CPU
		{03719E34-2891-4483-92EB-26E1A66B1287}.Release|x64.ActiveCfg = Release|x64
		{03719E34-2891-4483-92EB-26E1A66B1287}.Release|x64.Build.0 = Release|x64
		{53AE8FFE-B080-4469-8B09-ADA782927044}.Debug|Any CPU.ActiveCfg = Debug|Any CPU
		{53AE8FFE-B080-4469-8B09-ADA782927044}.Debug|Any CPU.Build.0 = Debug|Any CPU
		{53AE8FFE-B080-4469-8B09-ADA782927044}.Debug|x64.ActiveCfg = Debug|x64
		{53AE8FFE-B080-4469-8B09-ADA782927044}.Debug|x64.Build.0 = Debug|x64
		{53AE8FFE-B080-4469-8B09-ADA782927044}.Release|Any CPU.ActiveCfg = Release|Any CPU
		{53AE8FFE-B080-4469-8B09-ADA782927044}.Release|Any CPU.Build.0 = Release|Any CPU
		{53AE8FFE-B080-4469-8B09-ADA782927044}.Release|x64.ActiveCfg = Release|x64
		{53AE8FFE-B080-4469-8B09-ADA782927044}.Release|x64.Build.0 = Release|x64
	EndGlobalSection
	GlobalSection(SolutionProperties) = preSolution
		HideSolutionNode = FALSE
	EndGlobalSection
	GlobalSection(ExtensibilityGlobals) = postSolution
		SolutionGuid = {92F2C742-8B67-4878-A6A3-4442E75AE8DE}
	EndGlobalSection
EndGlobal
